
Microsoft Visual Studio Solution File, Format Version 12.00
# Visual Studio Version 17
VisualStudioVersion = 17.9.34723.18
MinimumVisualStudioVersion = 10.0.40219.1
Project("{9A19103F-16F7-4668-BE54-9A1E7A4F7556}") = "TheLayer.Mvc", "TheLayer.Mvc\TheLayer.Mvc.csproj", "{51DAF694-6544-4A8C-B81A-7C7B0D459C78}"
EndProject
Project("{9A19103F-16F7-4668-BE54-9A1E7A4F7556}") = "TheLayer.Services", "Services\TheLayer.Services.csproj", "{14001E9B-7B35-47CB-BF9B-C133BF19DDF2}"
EndProject
Project("{9A19103F-16F7-4668-BE54-9A1E7A4F7556}") = "TheLayer.IServices", "IServices\TheLayer.IServices.csproj", "{C98F82AB-952A-43C8-95A0-C4D8B8B03C6A}"
EndProject
Project("{9A19103F-16F7-4668-BE54-9A1E7A4F7556}") = "TheLayer.InfraStructure", "InfraStructure\TheLayer.InfraStructure.csproj", "{7317916A-913A-4D0E-966A-4E96447048C1}"
EndProject
Project("{FAE04EC0-301F-11D3-BF4B-00C04F79EFBC}") = "TheLayer.Core", "TheLayer.Core\TheLayer.Core.csproj", "{193063CB-735A-4B42-8F95-AE54A1827617}"
EndProject
Global
	GlobalSection(SolutionConfigurationPlatforms) = preSolution
		Debug|Any CPU = Debug|Any CPU
		Release|Any CPU = Release|Any CPU
	EndGlobalSection
	GlobalSection(ProjectConfigurationPlatforms) = postSolution
		{51DAF694-6544-4A8C-B81A-7C7B0D459C78}.Debug|Any CPU.ActiveCfg = Debug|Any CPU
		{51DAF694-6544-4A8C-B81A-7C7B0D459C78}.Debug|Any CPU.Build.0 = Debug|Any CPU
		{51DAF694-6544-4A8C-B81A-7C7B0D459C78}.Release|Any CPU.ActiveCfg = Release|Any CPU
		{51DAF694-6544-4A8C-B81A-7C7B0D459C78}.Release|Any CPU.Build.0 = Release|Any CPU
		{14001E9B-7B35-47CB-BF9B-C133BF19DDF2}.Debug|Any CPU.ActiveCfg = Debug|Any CPU
		{14001E9B-7B35-47CB-BF9B-C133BF19DDF2}.Debug|Any CPU.Build.0 = Debug|Any CPU
		{14001E9B-7B35-47CB-BF9B-C133BF19DDF2}.Release|Any CPU.ActiveCfg = Release|Any CPU
		{14001E9B-7B35-47CB-BF9B-C133BF19DDF2}.Release|Any CPU.Build.0 = Release|Any CPU
		{C98F82AB-952A-43C8-95A0-C4D8B8B03C6A}.Debug|Any CPU.ActiveCfg = Debug|Any CPU
		{C98F82AB-952A-43C8-95A0-C4D8B8B03C6A}.Debug|Any CPU.Build.0 = Debug|Any CPU
		{C98F82AB-952A-43C8-95A0-C4D8B8B03C6A}.Release|Any CPU.ActiveCfg = Release|Any CPU
		{C98F82AB-952A-43C8-95A0-C4D8B8B03C6A}.Release|Any CPU.Build.0 = Release|Any CPU
		{7317916A-913A-4D0E-966A-4E96447048C1}.Debug|Any CPU.ActiveCfg = Debug|Any CPU
		{7317916A-913A-4D0E-966A-4E96447048C1}.Debug|Any CPU.Build.0 = Debug|Any CPU
		{7317916A-913A-4D0E-966A-4E96447048C1}.Release|Any CPU.ActiveCfg = Release|Any CPU
		{7317916A-913A-4D0E-966A-4E96447048C1}.Release|Any CPU.Build.0 = Release|Any CPU
		{193063CB-735A-4B42-8F95-AE54A1827617}.Debug|Any CPU.ActiveCfg = Debug|Any CPU
		{193063CB-735A-4B42-8F95-AE54A1827617}.Debug|Any CPU.Build.0 = Debug|Any CPU
		{193063CB-735A-4B42-8F95-AE54A1827617}.Release|Any CPU.ActiveCfg = Release|Any CPU
		{193063CB-735A-4B42-8F95-AE54A1827617}.Release|Any CPU.Build.0 = Release|Any CPU
	EndGlobalSection
	GlobalSection(SolutionProperties) = preSolution
		HideSolutionNode = FALSE
	EndGlobalSection
	GlobalSection(ExtensibilityGlobals) = postSolution
		SolutionGuid = {9648A2F7-BC5B-411A-87C5-A5A332B4282E}
	EndGlobalSection
EndGlobal
